<?xml version="1.0" encoding="utf-8"?>
<Project ToolsVersion="4.0" xmlns="http://schemas.microsoft.com/developer/msbuild/2003">
  <ItemGroup>
    <Filter Include="源文件">
      <UniqueIdentifier>{4FC737F1-C7A5-4376-A066-2A32D752A2FF}</UniqueIdentifier>
      <Extensions>cpp;c;cc;cxx;def;odl;idl;hpj;bat;asm;asmx</Extensions>
    </Filter>
    <Filter Include="头文件">
      <UniqueIdentifier>{93995380-89BD-4b04-88EB-625FBE52EBFB}</UniqueIdentifier>
      <Extensions>h;hpp;hxx;hm;inl;inc;xsd</Extensions>
    </Filter>
    <Filter Include="资源文件">
      <UniqueIdentifier>{67DA6AB6-F800-4c08-8B7A-83BB121AAD01}</UniqueIdentifier>
      <Extensions>rc;ico;cur;bmp;dlg;rc2;rct;bin;rgs;gif;jpg;jpeg;jpe;resx;tiff;tif;png;wav;mfcribbon-ms</Extensions>
    </Filter>
    <Filter Include="头文件\myAI">
      <UniqueIdentifier>{aaaf6647-f54c-4b2f-9072-782f78835f2d}</UniqueIdentifier>
    </Filter>
    <Filter Include="头文件\sys">
      <UniqueIdentifier>{7107f9d9-f9aa-4c3b-8d3a-a23ac08bc3de}</UniqueIdentifier>
    </Filter>
    <Filter Include="源文件\myAI">
      <UniqueIdentifier>{788e92ea-ccdf-4aaf-8420-57eba685d714}</UniqueIdentifier>
    </Filter>
    <Filter Include="源文件\sys">
      <UniqueIdentifier>{587e0c62-9c30-448f-8985-80d3d93d06d1}</UniqueIdentifier>
    </Filter>
  </ItemGroup>
  <ItemGroup>
    <ClCompile Include="dllmain.cpp">
      <Filter>源文件</Filter>
    </ClCompile>
    <ClCompile Include="RobotAIFactory.cpp">
      <Filter>源文件</Filter>
    </ClCompile>
    <ClCompile Include="myAI\RobotAI.cpp">
      <Filter>源文件\myAI</Filter>
    </ClCompile>
    <ClCompile Include="sys\GlobalFunction.cpp">
      <Filter>源文件\sys</Filter>
    </ClCompile>
  </ItemGroup>
  <ItemGroup>
    <ClInclude Include="myAI\RobotAI.h">
      <Filter>头文件\myAI</Filter>
    </ClInclude>
    <ClInclude Include="sys\RobotAI_Interface.h">
      <Filter>头文件\sys</Filter>
    </ClInclude>
    <ClInclude Include="sys\RobotAIstruct.h">
      <Filter>头文件\sys</Filter>
    </ClInclude>
    <ClInclude Include="sys\struct.h">
      <Filter>头文件\sys</Filter>
    </ClInclude>
  </ItemGroup>
</Project>